
Microsoft Visual Studio Solution File, Format Version 12.00
# Visual Studio Version 17
VisualStudioVersion = 17.4.33103.184
MinimumVisualStudioVersion = 10.0.40219.1
Project("{FAE04EC0-301F-11D3-BF4B-00C04F79EFBC}") = "SampleWebApp", "SampleWebApp\SampleWebApp.csproj", "{192D3CC0-0874-4DA4-AC45-D227F2AEC7E6}"
EndProject
Global
	GlobalSection(SolutionConfigurationPlatforms) = preSolution
		Debug|Any CPU = Debug|Any CPU
		Release|Any CPU = Release|Any CPU
	EndGlobalSection
	GlobalSection(ProjectConfigurationPlatforms) = postSolution
		{192D3CC0-0874-4DA4-AC45-D227F2AEC7E6}.Debug|Any CPU.ActiveCfg = Debug|Any CPU
		{192D3CC0-0874-4DA4-AC45-D227F2AEC7E6}.Debug|Any CPU.Build.0 = Debug|Any CPU
		{192D3CC0-0874-4DA4-AC45-D227F2AEC7E6}.Release|Any CPU.ActiveCfg = Release|Any CPU
		{192D3CC0-0874-4DA4-AC45-D227F2AEC7E6}.Release|Any CPU.Build.0 = Release|Any CPU
	EndGlobalSection
	GlobalSection(SolutionProperties) = preSolution
		HideSolutionNode = FALSE
	EndGlobalSection
	GlobalSection(ExtensibilityGlobals) = postSolution
		SolutionGuid = {D47E6E18-0731-4739-84EE-CA2EB8EFB3AF}
	EndGlobalSection
EndGlobal
